// !$*UTF8*$!
{
	archiveVersion = 1;
	classes = {
	};
	objectVersion = 50;
	objects = {

/* Begin PBXBuildFile section */
		F772B53725991FC7000018EB /* AppDelegate.swift in Sources */ = {isa = PBXBuildFile; fileRef = F772B53625991FC7000018EB /* AppDelegate.swift */; };
		F772B53925991FC7000018EB /* SceneDelegate.swift in Sources */ = {isa = PBXBuildFile; fileRef = F772B53825991FC7000018EB /* SceneDelegate.swift */; };
		F772B53E25991FC7000018EB /* Main.storyboard in Resources */ = {isa = PBXBuildFile; fileRef = F772B53C25991FC7000018EB /* Main.storyboard */; };
		F772B54025991FC8000018EB /* Assets.xcassets in Resources */ = {isa = PBXBuildFile; fileRef = F772B53F25991FC8000018EB /* Assets.xcassets */; };
		F772B54325991FC8000018EB /* LaunchScreen.storyboard in Resources */ = {isa = PBXBuildFile; fileRef = F772B54125991FC8000018EB /* LaunchScreen.storyboard */; };
		F772B54C2599201B000018EB /* ImageCache.swift in Sources */ = {isa = PBXBuildFile; fileRef = F772B54B2599201B000018EB /* ImageCache.swift */; };
		F772B54F259924B7000018EB /* MainTableViewController.swift in Sources */ = {isa = PBXBuildFile; fileRef = F772B54E259924B7000018EB /* MainTableViewController.swift */; };
/* End PBXBuildFile section */

/* Begin PBXFileReference section */
		F772B53325991FC7000018EB /* UiKitImageCache.app */ = {isa = PBXFileReference; explicitFileType = wrapper.application; includeInIndex = 0; path = UiKitImageCache.app; sourceTree = BUILT_PRODUCTS_DIR; };
		F772B53625991FC7000018EB /* AppDelegate.swift */ = {isa = PBXFileReference; lastKnownFileType = sourcecode.swift; path = AppDelegate.swift; sourceTree = "<group>"; };
		F772B53825991FC7000018EB /* SceneDelegate.swift */ = {isa = PBXFileReference; lastKnownFileType = sourcecode.swift; path = SceneDelegate.swift; sourceTree = "<group>"; };
		F772B53D25991FC7000018EB /* Base */ = {isa = PBXFileReference; lastKnownFileType = file.storyboard; name = Base; path = Base.lproj/Main.storyboard; sourceTree = "<group>"; };
		F772B53F25991FC8000018EB /* Assets.xcassets */ = {isa = PBXFileReference; lastKnownFileType = folder.assetcatalog; path = Assets.xcassets; sourceTree = "<group>"; };
		F772B54225991FC8000018EB /* Base */ = {isa = PBXFileReference; lastKnownFileType = file.storyboard; name = Base; path = Base.lproj/LaunchScreen.storyboard; sourceTree = "<group>"; };
		F772B54425991FC8000018EB /* Info.plist */ = {isa = PBXFileReference; lastKnownFileType = text.plist.xml; path = Info.plist; sourceTree = "<group>"; };
		F772B54B2599201B000018EB /* ImageCache.swift */ = {isa = PBXFileReference; lastKnownFileType = sourcecode.swift; path = ImageCache.swift; sourceTree = "<group>"; };
		F772B54E259924B7000018EB /* MainTableViewController.swift */ = {isa = PBXFileReference; lastKnownFileType = sourcecode.swift; path = MainTableViewController.swift; sourceTree = "<group>"; };
/* End PBXFileReference section */

/* Begin PBXFrameworksBuildPhase section */
		F772B53025991FC7000018EB /* Frameworks */ = {
			isa = PBXFrameworksBuildPhase;
			buildActionMask = 2147483647;
			files = (
			);
			runOnlyForDeploymentPostprocessing = 0;
		};
/* End PBXFrameworksBuildPhase section */

/* Begin PBXGroup section */
		F772B52A25991FC7000018EB = {
			isa = PBXGroup;
			children = (
				F772B53525991FC7000018EB /* UIKitImageCache */,
				F772B53425991FC7000018EB /* Products */,
			);
			sourceTree = "<group>";
		};
		F772B53425991FC7000018EB /* Products */ = {
			isa = PBXGroup;
			children = (
				F772B53325991FC7000018EB /* UiKitImageCache.app */,
			);
			name = Products;
			sourceTree = "<group>";
		};
		F772B53525991FC7000018EB /* UIKitImageCache */ = {
			isa = PBXGroup;
			children = (
				F772B53625991FC7000018EB /* AppDelegate.swift */,
				F772B53825991FC7000018EB /* SceneDelegate.swift */,
				F772B53C25991FC7000018EB /* Main.storyboard */,
				F772B54E259924B7000018EB /* MainTableViewController.swift */,
				F772B53F25991FC8000018EB /* Assets.xcassets */,
				F772B54125991FC8000018EB /* LaunchScreen.storyboard */,
				F772B54425991FC8000018EB /* Info.plist */,
				F772B54B2599201B000018EB /* ImageCache.swift */,
			);
			path = UIKitImageCache;
			sourceTree = "<group>";
		};
/* End PBXGroup section */

/* Begin PBXNativeTarget section */
		F772B53225991FC7000018EB /* UiKitImageCache */ = {
			isa = PBXNativeTarget;
			buildConfigurationList = F772B54725991FC8000018EB /* Build configuration list for PBXNativeTarget "UiKitImageCache" */;
			buildPhases = (
				F772B52F25991FC7000018EB /* Sources */,
				F772B53025991FC7000018EB /* Frameworks */,
				F772B53125991FC7000018EB /* Resources */,
			);
			buildRules = (
			);
			dependencies = (
			);
			name = UiKitImageCache;
			productName = UIKitImageCache;
			productReference = F772B53325991FC7000018EB /* UiKitImageCache.app */;
			productType = "com.apple.product-type.application";
		};
/* End PBXNativeTarget section */

/* Begin PBXProject section */
		F772B52B25991FC7000018EB /* Project object */ = {
			isa = PBXProject;
			attributes = {
				LastSwiftUpdateCheck = 1230;
				LastUpgradeCheck = 1230;
				TargetAttributes = {
					F772B53225991FC7000018EB = {
						CreatedOnToolsVersion = 12.3;
					};
				};
			};
			buildConfigurationList = F772B52E25991FC7000018EB /* Build configuration list for PBXProject "UiKitImageCache" */;
			compatibilityVersion = "Xcode 9.3";
			developmentRegion = en;
			hasScannedForEncodings = 0;
			knownRegions = (
				en,
				Base,
			);
			mainGroup = F772B52A25991FC7000018EB;
			productRefGroup = F772B53425991FC7000018EB /* Products */;
			projectDirPath = "";
			projectRoot = "";
			targets = (
				F772B53225991FC7000018EB /* UiKitImageCache */,
			);
		};
/* End PBXProject section */

/* Begin PBXResourcesBuildPhase section */
		F772B53125991FC7000018EB /* Resources */ = {
			isa = PBXResourcesBuildPhase;
			buildActionMask = 2147483647;
			files = (
				F772B54325991FC8000018EB /* LaunchScreen.storyboard in Resources */,
				F772B54025991FC8000018EB /* Assets.xcassets in Resources */,
				F772B53E25991FC7000018EB /* Main.storyboard in Resources */,
			);
			runOnlyForDeploymentPostprocessing = 0;
		};
/* End PBXResourcesBuildPhase section */

/* Begin PBXSourcesBuildPhase section */
		F772B52F25991FC7000018EB /* Sources */ = {
			isa = PBXSourcesBuildPhase;
			buildActionMask = 2147483647;
			files = (
				F772B53725991FC7000018EB /* AppDelegate.swift in Sources */,
				F772B54C2599201B000018EB /* ImageCache.swift in Sources */,
				F772B54F259924B7000018EB /* MainTableViewController.swift in Sources */,
				F772B53925991FC7000018EB /* SceneDelegate.swift in Sources */,
			);
			runOnlyForDeploymentPostprocessing = 0;
		};
/* End PBXSourcesBuildPhase section */

/* Begin PBXVariantGroup section */
		F772B53C25991FC7000018EB /* Main.storyboard */ = {
			isa = PBXVariantGroup;
			children = (
				F772B53D25991FC7000018EB /* Base */,
			);
			name = Main.storyboard;
			sourceTree = "<group>";
		};
		F772B54125991FC8000018EB /* LaunchScreen.storyboard */ = {
			isa = PBXVariantGroup;
			children = (
				F772B54225991FC8000018EB /* Base */,
			);
			name = LaunchScreen.storyboard;
			sourceTree = "<group>";
		};
/* End PBXVariantGroup section */

/* Begin XCBuildConfiguration section */
		F772B54525991FC8000018EB /* Debug */ = {
			isa = XCBuildConfiguration;
			buildSettings = {
				ALWAYS_SEARCH_USER_PATHS = NO;
				CLANG_ANALYZER_NONNULL = YES;
				CLANG_ANALYZER_NUMBER_OBJECT_CONVERSION = YES_AGGRESSIVE;
				CLANG_CXX_LANGUAGE_STANDARD = "gnu++14";
				CLANG_CXX_LIBRARY = "libc++";
				CLANG_ENABLE_MODULES = YES;
				CLANG_ENABLE_OBJC_ARC = YES;
				CLANG_ENABLE_OBJC_WEAK = YES;
				CLANG_WARN_BLOCK_CAPTURE_AUTORELEASING = YES;
				CLANG_WARN_BOOL_CONVERSION = YES;
				CLANG_WARN_COMMA = YES;
				CLANG_WARN_CONSTANT_CONVERSION = YES;
				CLANG_WARN_DEPRECATED_OBJC_IMPLEMENTATIONS = YES;
				CLANG_WARN_DIRECT_OBJC_ISA_USAGE = YES_ERROR;
				CLANG_WARN_DOCUMENTATION_COMMENTS = YES;
				CLANG_WARN_EMPTY_BODY = YES;
				CLANG_WARN_ENUM_CONVERSION = YES;
				CLANG_WARN_INFINITE_RECURSION = YES;
				CLANG_WARN_INT_CONVERSION = YES;
				CLANG_WARN_NON_LITERAL_NULL_CONVERSION = YES;
				CLANG_WARN_OBJC_IMPLICIT_RETAIN_SELF = YES;
				CLANG_WARN_OBJC_LITERAL_CONVERSION = YES;
				CLANG_WARN_OBJC_ROOT_CLASS = YES_ERROR;
				CLANG_WARN_QUOTED_INCLUDE_IN_FRAMEWORK_HEADER = YES;
				CLANG_WARN_RANGE_LOOP_ANALYSIS = YES;
				CLANG_WARN_STRICT_PROTOTYPES = YES;
				CLANG_WARN_SUSPICIOUS_MOVE = YES;
				CLANG_WARN_UNGUARDED_AVAILABILITY = YES_AGGRESSIVE;
				CLANG_WARN_UNREACHABLE_CODE = YES;
				CLANG_WARN__DUPLICATE_METHOD_MATCH = YES;
				COPY_PHASE_STRIP = NO;
				DEBUG_INFORMATION_FORMAT = dwarf;
				ENABLE_STRICT_OBJC_MSGSEND = YES;
				ENABLE_TESTABILITY = YES;
				GCC_C_LANGUAGE_STANDARD = gnu11;
				GCC_DYNAMIC_NO_PIC = NO;
				GCC_NO_COMMON_BLOCKS = YES;
				GCC_OPTIMIZATION_LEVEL = 0;
				GCC_PREPROCESSOR_DEFINITIONS = (
					"DEBUG=1",
					"$(inherited)",
				);
				GCC_WARN_64_TO_32_BIT_CONVERSION = YES;
				GCC_WARN_ABOUT_RETURN_TYPE = YES_ERROR;
				GCC_WARN_UNDECLARED_SELECTOR = YES;
				GCC_WARN_UNINITIALIZED_AUTOS = YES_AGGRESSIVE;
				GCC_WARN_UNUSED_FUNCTION = YES;
				GCC_WARN_UNUSED_VARIABLE = YES;
				IPHONEOS_DEPLOYMENT_TARGET = 14.3;
				MTL_ENABLE_DEBUG_INFO = INCLUDE_SOURCE;
				MTL_FAST_MATH = YES;
				ONLY_ACTIVE_ARCH = YES;
				SDKROOT = iphoneos;
				SWIFT_ACTIVE_COMPILATION_CONDITIONS = DEBUG;
				SWIFT_OPTIMIZATION_LEVEL = "-Onone";
			};
			name = Debug;
		};
		F772B54625991FC8000018EB /* Release */ = {
			isa = XCBuildConfiguration;
			buildSettings = {
				ALWAYS_SEARCH_USER_PATHS = NO;
				CLANG_ANALYZER_NONNULL = YES;
				CLANG_ANALYZER_NUMBER_OBJECT_CONVERSION = YES_AGGRESSIVE;
				CLANG_CXX_LANGUAGE_STANDARD = "gnu++14";
				CLANG_CXX_LIBRARY = "libc++";
				CLANG_ENABLE_MODULES = YES;
				CLANG_ENABLE_OBJC_ARC = YES;
				CLANG_ENABLE_OBJC_WEAK = YES;
				CLANG_WARN_BLOCK_CAPTURE_AUTORELEASING = YES;
				CLANG_WARN_BOOL_CONVERSION = YES;
				CLANG_WARN_COMMA = YES;
				CLANG_WARN_CONSTANT_CONVERSION = YES;
				CLANG_WARN_DEPRECATED_OBJC_IMPLEMENTATIONS = YES;
				CLANG_WARN_DIRECT_OBJC_ISA_USAGE = YES_ERROR;
				CLANG_WARN_DOCUMENTATION_COMMENTS = YES;
				CLANG_WARN_EMPTY_BODY = YES;
				CLANG_WARN_ENUM_CONVERSION = YES;
				CLANG_WARN_INFINITE_RECURSION = YES;
				CLANG_WARN_INT_CONVERSION = YES;
				CLANG_WARN_NON_LITERAL_NULL_CONVERSION = YES;
				CLANG_WARN_OBJC_IMPLICIT_RETAIN_SELF = YES;
				CLANG_WARN_OBJC_LITERAL_CONVERSION = YES;
				CLANG_WARN_OBJC_ROOT_CLASS = YES_ERROR;
				CLANG_WARN_QUOTED_INCLUDE_IN_FRAMEWORK_HEADER = YES;
				CLANG_WARN_RANGE_LOOP_ANALYSIS = YES;
				CLANG_WARN_STRICT_PROTOTYPES = YES;
				CLANG_WARN_SUSPICIOUS_MOVE = YES;
				CLANG_WARN_UNGUARDED_AVAILABILITY = YES_AGGRESSIVE;
				CLANG_WARN_UNREACHABLE_CODE = YES;
				CLANG_WARN__DUPLICATE_METHOD_MATCH = YES;
				COPY_PHASE_STRIP = NO;
				DEBUG_INFORMATION_FORMAT = "dwarf-with-dsym";
				ENABLE_NS_ASSERTIONS = NO;
				ENABLE_STRICT_OBJC_MSGSEND = YES;
				GCC_C_LANGUAGE_STANDARD = gnu11;
				GCC_NO_COMMON_BLOCKS = YES;
				GCC_WARN_64_TO_32_BIT_CONVERSION = YES;
				GCC_WARN_ABOUT_RETURN_TYPE = YES_ERROR;
				GCC_WARN_UNDECLARED_SELECTOR = YES;
				GCC_WARN_UNINITIALIZED_AUTOS = YES_AGGRESSIVE;
				GCC_WARN_UNUSED_FUNCTION = YES;
				GCC_WARN_UNUSED_VARIABLE = YES;
				IPHONEOS_DEPLOYMENT_TARGET = 14.3;
				MTL_ENABLE_DEBUG_INFO = NO;
				MTL_FAST_MATH = YES;
				SDKROOT = iphoneos;
				SWIFT_COMPILATION_MODE = wholemodule;
				SWIFT_OPTIMIZATION_LEVEL = "-O";
				VALIDATE_PRODUCT = YES;
			};
			name = Release;
		};
		F772B54825991FC8000018EB /* Debug */ = {
			isa = XCBuildConfiguration;
			buildSettings = {
				ASSETCATALOG_COMPILER_APPICON_NAME = AppIcon;
				ASSETCATALOG_COMPILER_GLOBAL_ACCENT_COLOR_NAME = AccentColor;
				CODE_SIGN_STYLE = Automatic;
				DEVELOPMENT_TEAM = C8M6NTPXX2;
				INFOPLIST_FILE = UIKitImageCache/Info.plist;
				LD_RUNPATH_SEARCH_PATHS = (
					"$(inherited)",
					"@executable_path/Frameworks",
				);
				PRODUCT_BUNDLE_IDENTIFIER = com.cuvenx.UIKitImageCache;
				PRODUCT_NAME = "$(TARGET_NAME)";
				SWIFT_VERSION = 5.0;
				TARGETED_DEVICE_FAMILY = "1,2";
			};
			name = Debug;
		};
		F772B54925991FC8000018EB /* Release */ = {
			isa = XCBuildConfiguration;
			buildSettings = {
				ASSETCATALOG_COMPILER_APPICON_NAME = AppIcon;
				ASSETCATALOG_COMPILER_GLOBAL_ACCENT_COLOR_NAME = AccentColor;
				CODE_SIGN_STYLE = Automatic;
				DEVELOPMENT_TEAM = C8M6NTPXX2;
				INFOPLIST_FILE = UIKitImageCache/Info.plist;
				LD_RUNPATH_SEARCH_PATHS = (
					"$(inherited)",
					"@executable_path/Frameworks",
				);
				PRODUCT_BUNDLE_IDENTIFIER = com.cuvenx.UIKitImageCache;
				PRODUCT_NAME = "$(TARGET_NAME)";
				SWIFT_VERSION = 5.0;
				TARGETED_DEVICE_FAMILY = "1,2";
			};
			name = Release;
		};
/* End XCBuildConfiguration section */

/* Begin XCConfigurationList section */
		F772B52E25991FC7000018EB /* Build configuration list for PBXProject "UiKitImageCache" */ = {
			isa = XCConfigurationList;
			buildConfigurations = (
				F772B54525991FC8000018EB /* Debug */,
				F772B54625991FC8000018EB /* Release */,
			);
			defaultConfigurationIsVisible = 0;
			defaultConfigurationName = Release;
		};
		F772B54725991FC8000018EB /* Build configuration list for PBXNativeTarget "UiKitImageCache" */ = {
			isa = XCConfigurationList;
			buildConfigurations = (
				F772B54825991FC8000018EB /* Debug */,
				F772B54925991FC8000018EB /* Release */,
			);
			defaultConfigurationIsVisible = 0;
			defaultConfigurationName = Release;
		};
/* End XCConfigurationList section */
	};
	rootObject = F772B52B25991FC7000018EB /* Project object */;
}
