// !$*UTF8*$!
{
	archiveVersion = 1;
	classes = {
	};
	objectVersion = 50;
	objects = {

/* Begin PBXBuildFile section */
		F7F6EAD625A112E1006232F6 /* AppDelegate.swift in Sources */ = {isa = PBXBuildFile; fileRef = F7F6EAD525A112E1006232F6 /* AppDelegate.swift */; };
		F7F6EAD825A112E1006232F6 /* SceneDelegate.swift in Sources */ = {isa = PBXBuildFile; fileRef = F7F6EAD725A112E1006232F6 /* SceneDelegate.swift */; };
		F7F6EADA25A112E1006232F6 /* ViewController.swift in Sources */ = {isa = PBXBuildFile; fileRef = F7F6EAD925A112E1006232F6 /* ViewController.swift */; };
		F7F6EADD25A112E1006232F6 /* Main.storyboard in Resources */ = {isa = PBXBuildFile; fileRef = F7F6EADB25A112E1006232F6 /* Main.storyboard */; };
		F7F6EADF25A112E2006232F6 /* Assets.xcassets in Resources */ = {isa = PBXBuildFile; fileRef = F7F6EADE25A112E2006232F6 /* Assets.xcassets */; };
		F7F6EAE225A112E2006232F6 /* LaunchScreen.storyboard in Resources */ = {isa = PBXBuildFile; fileRef = F7F6EAE025A112E2006232F6 /* LaunchScreen.storyboard */; };
		F7F6EAEB25A1150C006232F6 /* DesignView.swift in Sources */ = {isa = PBXBuildFile; fileRef = F7F6EAEA25A1150C006232F6 /* DesignView.swift */; };
/* End PBXBuildFile section */

/* Begin PBXFileReference section */
		F7F6EAD225A112E1006232F6 /* CaptureViewAsImage.app */ = {isa = PBXFileReference; explicitFileType = wrapper.application; includeInIndex = 0; path = CaptureViewAsImage.app; sourceTree = BUILT_PRODUCTS_DIR; };
		F7F6EAD525A112E1006232F6 /* AppDelegate.swift */ = {isa = PBXFileReference; lastKnownFileType = sourcecode.swift; path = AppDelegate.swift; sourceTree = "<group>"; };
		F7F6EAD725A112E1006232F6 /* SceneDelegate.swift */ = {isa = PBXFileReference; lastKnownFileType = sourcecode.swift; path = SceneDelegate.swift; sourceTree = "<group>"; };
		F7F6EAD925A112E1006232F6 /* ViewController.swift */ = {isa = PBXFileReference; lastKnownFileType = sourcecode.swift; path = ViewController.swift; sourceTree = "<group>"; };
		F7F6EADC25A112E1006232F6 /* Base */ = {isa = PBXFileReference; lastKnownFileType = file.storyboard; name = Base; path = Base.lproj/Main.storyboard; sourceTree = "<group>"; };
		F7F6EADE25A112E2006232F6 /* Assets.xcassets */ = {isa = PBXFileReference; lastKnownFileType = folder.assetcatalog; path = Assets.xcassets; sourceTree = "<group>"; };
		F7F6EAE125A112E2006232F6 /* Base */ = {isa = PBXFileReference; lastKnownFileType = file.storyboard; name = Base; path = Base.lproj/LaunchScreen.storyboard; sourceTree = "<group>"; };
		F7F6EAE325A112E2006232F6 /* Info.plist */ = {isa = PBXFileReference; lastKnownFileType = text.plist.xml; path = Info.plist; sourceTree = "<group>"; };
		F7F6EAEA25A1150C006232F6 /* DesignView.swift */ = {isa = PBXFileReference; lastKnownFileType = sourcecode.swift; path = DesignView.swift; sourceTree = "<group>"; };
/* End PBXFileReference section */

/* Begin PBXFrameworksBuildPhase section */
		F7F6EACF25A112E1006232F6 /* Frameworks */ = {
			isa = PBXFrameworksBuildPhase;
			buildActionMask = 2147483647;
			files = (
			);
			runOnlyForDeploymentPostprocessing = 0;
		};
/* End PBXFrameworksBuildPhase section */

/* Begin PBXGroup section */
		F7F6EAC925A112E1006232F6 = {
			isa = PBXGroup;
			children = (
				F7F6EAD425A112E1006232F6 /* CaptureViewAsImage */,
				F7F6EAD325A112E1006232F6 /* Products */,
			);
			sourceTree = "<group>";
		};
		F7F6EAD325A112E1006232F6 /* Products */ = {
			isa = PBXGroup;
			children = (
				F7F6EAD225A112E1006232F6 /* CaptureViewAsImage.app */,
			);
			name = Products;
			sourceTree = "<group>";
		};
		F7F6EAD425A112E1006232F6 /* CaptureViewAsImage */ = {
			isa = PBXGroup;
			children = (
				F7F6EAD525A112E1006232F6 /* AppDelegate.swift */,
				F7F6EAD725A112E1006232F6 /* SceneDelegate.swift */,
				F7F6EAD925A112E1006232F6 /* ViewController.swift */,
				F7F6EADB25A112E1006232F6 /* Main.storyboard */,
				F7F6EADE25A112E2006232F6 /* Assets.xcassets */,
				F7F6EAE025A112E2006232F6 /* LaunchScreen.storyboard */,
				F7F6EAE325A112E2006232F6 /* Info.plist */,
				F7F6EAEA25A1150C006232F6 /* DesignView.swift */,
			);
			path = CaptureViewAsImage;
			sourceTree = "<group>";
		};
/* End PBXGroup section */

/* Begin PBXNativeTarget section */
		F7F6EAD125A112E1006232F6 /* CaptureViewAsImage */ = {
			isa = PBXNativeTarget;
			buildConfigurationList = F7F6EAE625A112E2006232F6 /* Build configuration list for PBXNativeTarget "CaptureViewAsImage" */;
			buildPhases = (
				F7F6EACE25A112E1006232F6 /* Sources */,
				F7F6EACF25A112E1006232F6 /* Frameworks */,
				F7F6EAD025A112E1006232F6 /* Resources */,
			);
			buildRules = (
			);
			dependencies = (
			);
			name = CaptureViewAsImage;
			productName = CaptureViewAsImage;
			productReference = F7F6EAD225A112E1006232F6 /* CaptureViewAsImage.app */;
			productType = "com.apple.product-type.application";
		};
/* End PBXNativeTarget section */

/* Begin PBXProject section */
		F7F6EACA25A112E1006232F6 /* Project object */ = {
			isa = PBXProject;
			attributes = {
				LastSwiftUpdateCheck = 1230;
				LastUpgradeCheck = 1230;
				TargetAttributes = {
					F7F6EAD125A112E1006232F6 = {
						CreatedOnToolsVersion = 12.3;
					};
				};
			};
			buildConfigurationList = F7F6EACD25A112E1006232F6 /* Build configuration list for PBXProject "CaptureViewAsImage" */;
			compatibilityVersion = "Xcode 9.3";
			developmentRegion = en;
			hasScannedForEncodings = 0;
			knownRegions = (
				en,
				Base,
			);
			mainGroup = F7F6EAC925A112E1006232F6;
			productRefGroup = F7F6EAD325A112E1006232F6 /* Products */;
			projectDirPath = "";
			projectRoot = "";
			targets = (
				F7F6EAD125A112E1006232F6 /* CaptureViewAsImage */,
			);
		};
/* End PBXProject section */

/* Begin PBXResourcesBuildPhase section */
		F7F6EAD025A112E1006232F6 /* Resources */ = {
			isa = PBXResourcesBuildPhase;
			buildActionMask = 2147483647;
			files = (
				F7F6EAE225A112E2006232F6 /* LaunchScreen.storyboard in Resources */,
				F7F6EADF25A112E2006232F6 /* Assets.xcassets in Resources */,
				F7F6EADD25A112E1006232F6 /* Main.storyboard in Resources */,
			);
			runOnlyForDeploymentPostprocessing = 0;
		};
/* End PBXResourcesBuildPhase section */

/* Begin PBXSourcesBuildPhase section */
		F7F6EACE25A112E1006232F6 /* Sources */ = {
			isa = PBXSourcesBuildPhase;
			buildActionMask = 2147483647;
			files = (
				F7F6EAEB25A1150C006232F6 /* DesignView.swift in Sources */,
				F7F6EADA25A112E1006232F6 /* ViewController.swift in Sources */,
				F7F6EAD625A112E1006232F6 /* AppDelegate.swift in Sources */,
				F7F6EAD825A112E1006232F6 /* SceneDelegate.swift in Sources */,
			);
			runOnlyForDeploymentPostprocessing = 0;
		};
/* End PBXSourcesBuildPhase section */

/* Begin PBXVariantGroup section */
		F7F6EADB25A112E1006232F6 /* Main.storyboard */ = {
			isa = PBXVariantGroup;
			children = (
				F7F6EADC25A112E1006232F6 /* Base */,
			);
			name = Main.storyboard;
			sourceTree = "<group>";
		};
		F7F6EAE025A112E2006232F6 /* LaunchScreen.storyboard */ = {
			isa = PBXVariantGroup;
			children = (
				F7F6EAE125A112E2006232F6 /* Base */,
			);
			name = LaunchScreen.storyboard;
			sourceTree = "<group>";
		};
/* End PBXVariantGroup section */

/* Begin XCBuildConfiguration section */
		F7F6EAE425A112E2006232F6 /* Debug */ = {
			isa = XCBuildConfiguration;
			buildSettings = {
				ALWAYS_SEARCH_USER_PATHS = NO;
				CLANG_ANALYZER_NONNULL = YES;
				CLANG_ANALYZER_NUMBER_OBJECT_CONVERSION = YES_AGGRESSIVE;
				CLANG_CXX_LANGUAGE_STANDARD = "gnu++14";
				CLANG_CXX_LIBRARY = "libc++";
				CLANG_ENABLE_MODULES = YES;
				CLANG_ENABLE_OBJC_ARC = YES;
				CLANG_ENABLE_OBJC_WEAK = YES;
				CLANG_WARN_BLOCK_CAPTURE_AUTORELEASING = YES;
				CLANG_WARN_BOOL_CONVERSION = YES;
				CLANG_WARN_COMMA = YES;
				CLANG_WARN_CONSTANT_CONVERSION = YES;
				CLANG_WARN_DEPRECATED_OBJC_IMPLEMENTATIONS = YES;
				CLANG_WARN_DIRECT_OBJC_ISA_USAGE = YES_ERROR;
				CLANG_WARN_DOCUMENTATION_COMMENTS = YES;
				CLANG_WARN_EMPTY_BODY = YES;
				CLANG_WARN_ENUM_CONVERSION = YES;
				CLANG_WARN_INFINITE_RECURSION = YES;
				CLANG_WARN_INT_CONVERSION = YES;
				CLANG_WARN_NON_LITERAL_NULL_CONVERSION = YES;
				CLANG_WARN_OBJC_IMPLICIT_RETAIN_SELF = YES;
				CLANG_WARN_OBJC_LITERAL_CONVERSION = YES;
				CLANG_WARN_OBJC_ROOT_CLASS = YES_ERROR;
				CLANG_WARN_QUOTED_INCLUDE_IN_FRAMEWORK_HEADER = YES;
				CLANG_WARN_RANGE_LOOP_ANALYSIS = YES;
				CLANG_WARN_STRICT_PROTOTYPES = YES;
				CLANG_WARN_SUSPICIOUS_MOVE = YES;
				CLANG_WARN_UNGUARDED_AVAILABILITY = YES_AGGRESSIVE;
				CLANG_WARN_UNREACHABLE_CODE = YES;
				CLANG_WARN__DUPLICATE_METHOD_MATCH = YES;
				COPY_PHASE_STRIP = NO;
				DEBUG_INFORMATION_FORMAT = dwarf;
				ENABLE_STRICT_OBJC_MSGSEND = YES;
				ENABLE_TESTABILITY = YES;
				GCC_C_LANGUAGE_STANDARD = gnu11;
				GCC_DYNAMIC_NO_PIC = NO;
				GCC_NO_COMMON_BLOCKS = YES;
				GCC_OPTIMIZATION_LEVEL = 0;
				GCC_PREPROCESSOR_DEFINITIONS = (
					"DEBUG=1",
					"$(inherited)",
				);
				GCC_WARN_64_TO_32_BIT_CONVERSION = YES;
				GCC_WARN_ABOUT_RETURN_TYPE = YES_ERROR;
				GCC_WARN_UNDECLARED_SELECTOR = YES;
				GCC_WARN_UNINITIALIZED_AUTOS = YES_AGGRESSIVE;
				GCC_WARN_UNUSED_FUNCTION = YES;
				GCC_WARN_UNUSED_VARIABLE = YES;
				IPHONEOS_DEPLOYMENT_TARGET = 14.3;
				MTL_ENABLE_DEBUG_INFO = INCLUDE_SOURCE;
				MTL_FAST_MATH = YES;
				ONLY_ACTIVE_ARCH = YES;
				SDKROOT = iphoneos;
				SWIFT_ACTIVE_COMPILATION_CONDITIONS = DEBUG;
				SWIFT_OPTIMIZATION_LEVEL = "-Onone";
			};
			name = Debug;
		};
		F7F6EAE525A112E2006232F6 /* Release */ = {
			isa = XCBuildConfiguration;
			buildSettings = {
				ALWAYS_SEARCH_USER_PATHS = NO;
				CLANG_ANALYZER_NONNULL = YES;
				CLANG_ANALYZER_NUMBER_OBJECT_CONVERSION = YES_AGGRESSIVE;
				CLANG_CXX_LANGUAGE_STANDARD = "gnu++14";
				CLANG_CXX_LIBRARY = "libc++";
				CLANG_ENABLE_MODULES = YES;
				CLANG_ENABLE_OBJC_ARC = YES;
				CLANG_ENABLE_OBJC_WEAK = YES;
				CLANG_WARN_BLOCK_CAPTURE_AUTORELEASING = YES;
				CLANG_WARN_BOOL_CONVERSION = YES;
				CLANG_WARN_COMMA = YES;
				CLANG_WARN_CONSTANT_CONVERSION = YES;
				CLANG_WARN_DEPRECATED_OBJC_IMPLEMENTATIONS = YES;
				CLANG_WARN_DIRECT_OBJC_ISA_USAGE = YES_ERROR;
				CLANG_WARN_DOCUMENTATION_COMMENTS = YES;
				CLANG_WARN_EMPTY_BODY = YES;
				CLANG_WARN_ENUM_CONVERSION = YES;
				CLANG_WARN_INFINITE_RECURSION = YES;
				CLANG_WARN_INT_CONVERSION = YES;
				CLANG_WARN_NON_LITERAL_NULL_CONVERSION = YES;
				CLANG_WARN_OBJC_IMPLICIT_RETAIN_SELF = YES;
				CLANG_WARN_OBJC_LITERAL_CONVERSION = YES;
				CLANG_WARN_OBJC_ROOT_CLASS = YES_ERROR;
				CLANG_WARN_QUOTED_INCLUDE_IN_FRAMEWORK_HEADER = YES;
				CLANG_WARN_RANGE_LOOP_ANALYSIS = YES;
				CLANG_WARN_STRICT_PROTOTYPES = YES;
				CLANG_WARN_SUSPICIOUS_MOVE = YES;
				CLANG_WARN_UNGUARDED_AVAILABILITY = YES_AGGRESSIVE;
				CLANG_WARN_UNREACHABLE_CODE = YES;
				CLANG_WARN__DUPLICATE_METHOD_MATCH = YES;
				COPY_PHASE_STRIP = NO;
				DEBUG_INFORMATION_FORMAT = "dwarf-with-dsym";
				ENABLE_NS_ASSERTIONS = NO;
				ENABLE_STRICT_OBJC_MSGSEND = YES;
				GCC_C_LANGUAGE_STANDARD = gnu11;
				GCC_NO_COMMON_BLOCKS = YES;
				GCC_WARN_64_TO_32_BIT_CONVERSION = YES;
				GCC_WARN_ABOUT_RETURN_TYPE = YES_ERROR;
				GCC_WARN_UNDECLARED_SELECTOR = YES;
				GCC_WARN_UNINITIALIZED_AUTOS = YES_AGGRESSIVE;
				GCC_WARN_UNUSED_FUNCTION = YES;
				GCC_WARN_UNUSED_VARIABLE = YES;
				IPHONEOS_DEPLOYMENT_TARGET = 14.3;
				MTL_ENABLE_DEBUG_INFO = NO;
				MTL_FAST_MATH = YES;
				SDKROOT = iphoneos;
				SWIFT_COMPILATION_MODE = wholemodule;
				SWIFT_OPTIMIZATION_LEVEL = "-O";
				VALIDATE_PRODUCT = YES;
			};
			name = Release;
		};
		F7F6EAE725A112E2006232F6 /* Debug */ = {
			isa = XCBuildConfiguration;
			buildSettings = {
				ASSETCATALOG_COMPILER_APPICON_NAME = AppIcon;
				ASSETCATALOG_COMPILER_GLOBAL_ACCENT_COLOR_NAME = AccentColor;
				CODE_SIGN_STYLE = Automatic;
				DEVELOPMENT_TEAM = C8M6NTPXX2;
				INFOPLIST_FILE = CaptureViewAsImage/Info.plist;
				IPHONEOS_DEPLOYMENT_TARGET = 14.0;
				LD_RUNPATH_SEARCH_PATHS = (
					"$(inherited)",
					"@executable_path/Frameworks",
				);
				PRODUCT_BUNDLE_IDENTIFIER = com.cuvenx.CaptureViewAsImage;
				PRODUCT_NAME = "$(TARGET_NAME)";
				SWIFT_VERSION = 5.0;
				TARGETED_DEVICE_FAMILY = "1,2";
			};
			name = Debug;
		};
		F7F6EAE825A112E2006232F6 /* Release */ = {
			isa = XCBuildConfiguration;
			buildSettings = {
				ASSETCATALOG_COMPILER_APPICON_NAME = AppIcon;
				ASSETCATALOG_COMPILER_GLOBAL_ACCENT_COLOR_NAME = AccentColor;
				CODE_SIGN_STYLE = Automatic;
				DEVELOPMENT_TEAM = C8M6NTPXX2;
				INFOPLIST_FILE = CaptureViewAsImage/Info.plist;
				IPHONEOS_DEPLOYMENT_TARGET = 14.0;
				LD_RUNPATH_SEARCH_PATHS = (
					"$(inherited)",
					"@executable_path/Frameworks",
				);
				PRODUCT_BUNDLE_IDENTIFIER = com.cuvenx.CaptureViewAsImage;
				PRODUCT_NAME = "$(TARGET_NAME)";
				SWIFT_VERSION = 5.0;
				TARGETED_DEVICE_FAMILY = "1,2";
			};
			name = Release;
		};
/* End XCBuildConfiguration section */

/* Begin XCConfigurationList section */
		F7F6EACD25A112E1006232F6 /* Build configuration list for PBXProject "CaptureViewAsImage" */ = {
			isa = XCConfigurationList;
			buildConfigurations = (
				F7F6EAE425A112E2006232F6 /* Debug */,
				F7F6EAE525A112E2006232F6 /* Release */,
			);
			defaultConfigurationIsVisible = 0;
			defaultConfigurationName = Release;
		};
		F7F6EAE625A112E2006232F6 /* Build configuration list for PBXNativeTarget "CaptureViewAsImage" */ = {
			isa = XCConfigurationList;
			buildConfigurations = (
				F7F6EAE725A112E2006232F6 /* Debug */,
				F7F6EAE825A112E2006232F6 /* Release */,
			);
			defaultConfigurationIsVisible = 0;
			defaultConfigurationName = Release;
		};
/* End XCConfigurationList section */
	};
	rootObject = F7F6EACA25A112E1006232F6 /* Project object */;
}
